
Microsoft Visual Studio Solution File, Format Version 12.00
# Visual Studio 2013
VisualStudioVersion = 12.0.21005.1
MinimumVisualStudioVersion = 10.0.40219.1
Project("{FAE04EC0-301F-11D3-BF4B-00C04F79EFBC}") = "AppSecInc.ProcessDomain", "src\AppSecInc.ProcessDomain\AppSecInc.ProcessDomain.csproj", "{D69AD209-D78A-4091-9F5F-4D7562D66223}"
	ProjectSection(ProjectDependencies) = postProject
		{81E2FA83-26A1-4BE3-8F38-2C7327EC7840} = {81E2FA83-26A1-4BE3-8F38-2C7327EC7840}
	EndProjectSection
EndProject
Project("{FAE04EC0-301F-11D3-BF4B-00C04F79EFBC}") = "AppSecInc.ProcessDomain.UnitTests", "src\AppSecInc.ProcessDomain.UnitTests\AppSecInc.ProcessDomain.UnitTests.csproj", "{6B78A648-1147-4D39-B125-7F07D09B649C}"
EndProject
Project("{FAE04EC0-301F-11D3-BF4B-00C04F79EFBC}") = "AppSecInc.ProcessDomain.Host", "src\AppSecInc.ProcessDomain.Host\AppSecInc.ProcessDomain.Host.csproj", "{81E2FA83-26A1-4BE3-8F38-2C7327EC7840}"
EndProject
Project("{FAE04EC0-301F-11D3-BF4B-00C04F79EFBC}") = "AppSecInc.ProcessDomain.Sample", "src\AppSecInc.ProcessDomain.Sample\AppSecInc.ProcessDomain.Sample.csproj", "{AA4C3A45-921B-422F-ABFF-B1848686596D}"
EndProject
Project("{2150E333-8FDC-42A3-9474-1A3956D46DE8}") = "Build", "Build", "{1FA63DD9-AED9-4C59-9037-CBCBCA352871}"
	ProjectSection(SolutionItems) = preProject
		.gitignore = .gitignore
		build.cmd = build.cmd
		LICENSE = LICENSE
		ProcessDomain.proj = ProcessDomain.proj
		README.md = README.md
		Version.proj = Version.proj
	EndProjectSection
EndProject
Project("{2150E333-8FDC-42A3-9474-1A3956D46DE8}") = ".nuget", ".nuget", "{92399DD0-ABB6-4510-96E0-8AD536B0AA88}"
	ProjectSection(SolutionItems) = preProject
		.nuget\NuGet.Config = .nuget\NuGet.Config
		.nuget\NuGet.exe = .nuget\NuGet.exe
		.nuget\NuGet.targets = .nuget\NuGet.targets
		.nuget\packages.config = .nuget\packages.config
	EndProjectSection
EndProject
Global
	GlobalSection(SolutionConfigurationPlatforms) = preSolution
		Debug|Any CPU = Debug|Any CPU
		Debug|Mixed Platforms = Debug|Mixed Platforms
		Debug|Win32 = Debug|Win32
		Release|Any CPU = Release|Any CPU
		Release|Mixed Platforms = Release|Mixed Platforms
		Release|Win32 = Release|Win32
	EndGlobalSection
	GlobalSection(ProjectConfigurationPlatforms) = postSolution
		{D69AD209-D78A-4091-9F5F-4D7562D66223}.Debug|Any CPU.ActiveCfg = Debug|Any CPU
		{D69AD209-D78A-4091-9F5F-4D7562D66223}.Debug|Any CPU.Build.0 = Debug|Any CPU
		{D69AD209-D78A-4091-9F5F-4D7562D66223}.Debug|Mixed Platforms.ActiveCfg = Debug|Any CPU
		{D69AD209-D78A-4091-9F5F-4D7562D66223}.Debug|Mixed Platforms.Build.0 = Debug|Any CPU
		{D69AD209-D78A-4091-9F5F-4D7562D66223}.Debug|Win32.ActiveCfg = Debug|Any CPU
		{D69AD209-D78A-4091-9F5F-4D7562D66223}.Release|Any CPU.ActiveCfg = Release|Any CPU
		{D69AD209-D78A-4091-9F5F-4D7562D66223}.Release|Any CPU.Build.0 = Release|Any CPU
		{D69AD209-D78A-4091-9F5F-4D7562D66223}.Release|Mixed Platforms.ActiveCfg = Release|Any CPU
		{D69AD209-D78A-4091-9F5F-4D7562D66223}.Release|Mixed Platforms.Build.0 = Release|Any CPU
		{D69AD209-D78A-4091-9F5F-4D7562D66223}.Release|Win32.ActiveCfg = Release|Any CPU
		{6B78A648-1147-4D39-B125-7F07D09B649C}.Debug|Any CPU.ActiveCfg = Debug|Any CPU
		{6B78A648-1147-4D39-B125-7F07D09B649C}.Debug|Any CPU.Build.0 = Debug|Any CPU
		{6B78A648-1147-4D39-B125-7F07D09B649C}.Debug|Mixed Platforms.ActiveCfg = Debug|Any CPU
		{6B78A648-1147-4D39-B125-7F07D09B649C}.Debug|Mixed Platforms.Build.0 = Debug|Any CPU
		{6B78A648-1147-4D39-B125-7F07D09B649C}.Debug|Win32.ActiveCfg = Debug|Any CPU
		{6B78A648-1147-4D39-B125-7F07D09B649C}.Release|Any CPU.ActiveCfg = Release|Any CPU
		{6B78A648-1147-4D39-B125-7F07D09B649C}.Release|Any CPU.Build.0 = Release|Any CPU
		{6B78A648-1147-4D39-B125-7F07D09B649C}.Release|Mixed Platforms.ActiveCfg = Release|Any CPU
		{6B78A648-1147-4D39-B125-7F07D09B649C}.Release|Mixed Platforms.Build.0 = Release|Any CPU
		{6B78A648-1147-4D39-B125-7F07D09B649C}.Release|Win32.ActiveCfg = Release|Any CPU
		{81E2FA83-26A1-4BE3-8F38-2C7327EC7840}.Debug|Any CPU.ActiveCfg = Debug|Any CPU
		{81E2FA83-26A1-4BE3-8F38-2C7327EC7840}.Debug|Any CPU.Build.0 = Debug|Any CPU
		{81E2FA83-26A1-4BE3-8F38-2C7327EC7840}.Debug|Mixed Platforms.ActiveCfg = Debug|Any CPU
		{81E2FA83-26A1-4BE3-8F38-2C7327EC7840}.Debug|Mixed Platforms.Build.0 = Debug|Any CPU
		{81E2FA83-26A1-4BE3-8F38-2C7327EC7840}.Debug|Win32.ActiveCfg = Debug|Any CPU
		{81E2FA83-26A1-4BE3-8F38-2C7327EC7840}.Release|Any CPU.ActiveCfg = Release|Any CPU
		{81E2FA83-26A1-4BE3-8F38-2C7327EC7840}.Release|Any CPU.Build.0 = Release|Any CPU
		{81E2FA83-26A1-4BE3-8F38-2C7327EC7840}.Release|Mixed Platforms.ActiveCfg = Release|Any CPU
		{81E2FA83-26A1-4BE3-8F38-2C7327EC7840}.Release|Mixed Platforms.Build.0 = Release|Any CPU
		{81E2FA83-26A1-4BE3-8F38-2C7327EC7840}.Release|Win32.ActiveCfg = Release|Any CPU
		{AA4C3A45-921B-422F-ABFF-B1848686596D}.Debug|Any CPU.ActiveCfg = Debug|Any CPU
		{AA4C3A45-921B-422F-ABFF-B1848686596D}.Debug|Any CPU.Build.0 = Debug|Any CPU
		{AA4C3A45-921B-422F-ABFF-B1848686596D}.Debug|Mixed Platforms.ActiveCfg = Debug|Any CPU
		{AA4C3A45-921B-422F-ABFF-B1848686596D}.Debug|Mixed Platforms.Build.0 = Debug|Any CPU
		{AA4C3A45-921B-422F-ABFF-B1848686596D}.Debug|Win32.ActiveCfg = Debug|Any CPU
		{AA4C3A45-921B-422F-ABFF-B1848686596D}.Release|Any CPU.ActiveCfg = Release|Any CPU
		{AA4C3A45-921B-422F-ABFF-B1848686596D}.Release|Any CPU.Build.0 = Release|Any CPU
		{AA4C3A45-921B-422F-ABFF-B1848686596D}.Release|Mixed Platforms.ActiveCfg = Release|Any CPU
		{AA4C3A45-921B-422F-ABFF-B1848686596D}.Release|Mixed Platforms.Build.0 = Release|Any CPU
		{AA4C3A45-921B-422F-ABFF-B1848686596D}.Release|Win32.ActiveCfg = Release|Any CPU
	EndGlobalSection
	GlobalSection(SolutionProperties) = preSolution
		HideSolutionNode = FALSE
	EndGlobalSection
EndGlobal
